
Microsoft Visual Studio Solution File, Format Version 12.00
# Visual Studio Version 16
VisualStudioVersion = 16.0.31605.320
MinimumVisualStudioVersion = 10.0.40219.1
Project("{FAE04EC0-301F-11D3-BF4B-00C04F79EFBC}") = "BackEndFoxxConn", "BackEndFoxxConn\BackEndFoxxConn.csproj", "{49E8389E-4E91-4CDF-97CE-2095E2F03200}"
EndProject
Global
	GlobalSection(SolutionConfigurationPlatforms) = preSolution
		Debug|Any CPU = Debug|Any CPU
		Release|Any CPU = Release|Any CPU
	EndGlobalSection
	GlobalSection(ProjectConfigurationPlatforms) = postSolution
		{49E8389E-4E91-4CDF-97CE-2095E2F03200}.Debug|Any CPU.ActiveCfg = Debug|Any CPU
		{49E8389E-4E91-4CDF-97CE-2095E2F03200}.Debug|Any CPU.Build.0 = Debug|Any CPU
		{49E8389E-4E91-4CDF-97CE-2095E2F03200}.Release|Any CPU.ActiveCfg = Release|Any CPU
		{49E8389E-4E91-4CDF-97CE-2095E2F03200}.Release|Any CPU.Build.0 = Release|Any CPU
	EndGlobalSection
	GlobalSection(SolutionProperties) = preSolution
		HideSolutionNode = FALSE
	EndGlobalSection
	GlobalSection(ExtensibilityGlobals) = postSolution
		SolutionGuid = {E6613D2F-CEE4-4894-8B1D-E4C0E6B1ED93}
	EndGlobalSection
EndGlobal
